
Microsoft Visual Studio Solution File, Format Version 12.00
# Visual Studio 15
VisualStudioVersion = 15.0.27004.2002
MinimumVisualStudioVersion = 10.0.40219.1
Project("{9092AA53-FB77-4645-B42D-1CCCA6BD08BD}") = "ScribbleTune", "ScribbleTune\ScribbleTune.njsproj", "{612A0C34-763B-4837-839D-0E11433E4819}"
EndProject
Global
	GlobalSection(SolutionConfigurationPlatforms) = preSolution
		Debug|Any CPU = Debug|Any CPU
		Release|Any CPU = Release|Any CPU
	EndGlobalSection
	GlobalSection(ProjectConfigurationPlatforms) = postSolution
		{612A0C34-763B-4837-839D-0E11433E4819}.Debug|Any CPU.ActiveCfg = Debug|Any CPU
		{612A0C34-763B-4837-839D-0E11433E4819}.Debug|Any CPU.Build.0 = Debug|Any CPU
		{612A0C34-763B-4837-839D-0E11433E4819}.Release|Any CPU.ActiveCfg = Release|Any CPU
		{612A0C34-763B-4837-839D-0E11433E4819}.Release|Any CPU.Build.0 = Release|Any CPU
	EndGlobalSection
	GlobalSection(SolutionProperties) = preSolution
		HideSolutionNode = FALSE
	EndGlobalSection
	GlobalSection(ExtensibilityGlobals) = postSolution
		SolutionGuid = {7D8108AC-4433-45DC-8B0E-A48FCBE08328}
	EndGlobalSection
EndGlobal
