
Microsoft Visual Studio Solution File, Format Version 12.00
# Visual Studio 15
VisualStudioVersion = 15.0.27004.2002
MinimumVisualStudioVersion = 10.0.40219.1
Project("{9092AA53-FB77-4645-B42D-1CCCA6BD08BD}") = "FirstNodejsProgram", "FirstNodejsProgram\FirstNodejsProgram.njsproj", "{6C07E97A-FE32-4155-98A6-0CF99219DC91}"
EndProject
Global
	GlobalSection(SolutionConfigurationPlatforms) = preSolution
		Debug|Any CPU = Debug|Any CPU
		Release|Any CPU = Release|Any CPU
	EndGlobalSection
	GlobalSection(ProjectConfigurationPlatforms) = postSolution
		{6C07E97A-FE32-4155-98A6-0CF99219DC91}.Debug|Any CPU.ActiveCfg = Debug|Any CPU
		{6C07E97A-FE32-4155-98A6-0CF99219DC91}.Debug|Any CPU.Build.0 = Debug|Any CPU
		{6C07E97A-FE32-4155-98A6-0CF99219DC91}.Release|Any CPU.ActiveCfg = Release|Any CPU
		{6C07E97A-FE32-4155-98A6-0CF99219DC91}.Release|Any CPU.Build.0 = Release|Any CPU
	EndGlobalSection
	GlobalSection(SolutionProperties) = preSolution
		HideSolutionNode = FALSE
	EndGlobalSection
	GlobalSection(ExtensibilityGlobals) = postSolution
		SolutionGuid = {3E4600E7-3C84-48F1-BA0B-0C288CE29F97}
	EndGlobalSection
EndGlobal
